
Microsoft Visual Studio Solution File, Format Version 12.00
# Visual Studio Version 17
VisualStudioVersion = 17.6.33717.318
MinimumVisualStudioVersion = 10.0.40219.1
Project("{2150E333-8FDC-42A3-9474-1A3956D46DE8}") = "Doc", "Doc", "{4AD7D90A-E52A-4E78-84A5-C58CBC5525A1}"
EndProject
Project("{2150E333-8FDC-42A3-9474-1A3956D46DE8}") = "Src", "Src", "{681A2D43-A73D-4AC3-88C1-867CF506D48F}"
EndProject
Project("{2150E333-8FDC-42A3-9474-1A3956D46DE8}") = "Test", "Test", "{642982AA-C097-45BC-BF7D-DDC3294297F2}"
EndProject
Project("{2150E333-8FDC-42A3-9474-1A3956D46DE8}") = "Core", "Core", "{8011F34F-874D-46FB-8DB3-4046BCF54B33}"
EndProject
Project("{2150E333-8FDC-42A3-9474-1A3956D46DE8}") = "Infrastructure", "Infrastructure", "{08BF9A96-7027-4F9E-98ED-13FA8A7BB99E}"
EndProject
Project("{2150E333-8FDC-42A3-9474-1A3956D46DE8}") = "Presentation", "Presentation", "{12286027-3D44-4950-B181-6F75210573AF}"
EndProject
Project("{2150E333-8FDC-42A3-9474-1A3956D46DE8}") = "Common", "Common", "{01A26BEA-2D4F-4A8F-8C6B-97994592F0BC}"
EndProject
Project("{FAE04EC0-301F-11D3-BF4B-00C04F79EFBC}") = "SamarStore.Domain", "SamarStore.Domain\SamarStore.Domain.csproj", "{A9605CE5-A1A3-41F5-B351-DDE7EDE02008}"
EndProject
Project("{FAE04EC0-301F-11D3-BF4B-00C04F79EFBC}") = "SamarStore.Application", "SamarStore.Application\SamarStore.Application.csproj", "{15E75C16-C4F8-4C8C-B5FA-38EE4A6B7024}"
EndProject
Project("{FAE04EC0-301F-11D3-BF4B-00C04F79EFBC}") = "SamarStore.Infrastructure", "SamarStore.Infrastructure\SamarStore.Infrastructure.csproj", "{65011E24-0ADC-4284-98FE-F5E1A5020B9B}"
EndProject
Project("{FAE04EC0-301F-11D3-BF4B-00C04F79EFBC}") = "SamarStore.Persistence", "SamarStore.Persistence\SamarStore.Persistence.csproj", "{62649338-4B2A-4B47-A22C-C0F599454D3D}"
EndProject
Project("{FAE04EC0-301F-11D3-BF4B-00C04F79EFBC}") = "SamarStore.Common", "SamarStore.Common\SamarStore.Common.csproj", "{4936B187-C6D9-4D84-A2B2-FBBC3071C731}"
EndProject
Project("{FAE04EC0-301F-11D3-BF4B-00C04F79EFBC}") = "EndPoint.Site", "EndPoint.Site\EndPoint.Site.csproj", "{F32E2855-E7CE-4571-B328-675D25E6C1B7}"
EndProject
Global
	GlobalSection(SolutionConfigurationPlatforms) = preSolution
		Debug|Any CPU = Debug|Any CPU
		Release|Any CPU = Release|Any CPU
	EndGlobalSection
	GlobalSection(ProjectConfigurationPlatforms) = postSolution
		{A9605CE5-A1A3-41F5-B351-DDE7EDE02008}.Debug|Any CPU.ActiveCfg = Debug|Any CPU
		{A9605CE5-A1A3-41F5-B351-DDE7EDE02008}.Debug|Any CPU.Build.0 = Debug|Any CPU
		{A9605CE5-A1A3-41F5-B351-DDE7EDE02008}.Release|Any CPU.ActiveCfg = Release|Any CPU
		{A9605CE5-A1A3-41F5-B351-DDE7EDE02008}.Release|Any CPU.Build.0 = Release|Any CPU
		{15E75C16-C4F8-4C8C-B5FA-38EE4A6B7024}.Debug|Any CPU.ActiveCfg = Debug|Any CPU
		{15E75C16-C4F8-4C8C-B5FA-38EE4A6B7024}.Debug|Any CPU.Build.0 = Debug|Any CPU
		{15E75C16-C4F8-4C8C-B5FA-38EE4A6B7024}.Release|Any CPU.ActiveCfg = Release|Any CPU
		{15E75C16-C4F8-4C8C-B5FA-38EE4A6B7024}.Release|Any CPU.Build.0 = Release|Any CPU
		{65011E24-0ADC-4284-98FE-F5E1A5020B9B}.Debug|Any CPU.ActiveCfg = Debug|Any CPU
		{65011E24-0ADC-4284-98FE-F5E1A5020B9B}.Debug|Any CPU.Build.0 = Debug|Any CPU
		{65011E24-0ADC-4284-98FE-F5E1A5020B9B}.Release|Any CPU.ActiveCfg = Release|Any CPU
		{65011E24-0ADC-4284-98FE-F5E1A5020B9B}.Release|Any CPU.Build.0 = Release|Any CPU
		{62649338-4B2A-4B47-A22C-C0F599454D3D}.Debug|Any CPU.ActiveCfg = Debug|Any CPU
		{62649338-4B2A-4B47-A22C-C0F599454D3D}.Debug|Any CPU.Build.0 = Debug|Any CPU
		{62649338-4B2A-4B47-A22C-C0F599454D3D}.Release|Any CPU.ActiveCfg = Release|Any CPU
		{62649338-4B2A-4B47-A22C-C0F599454D3D}.Release|Any CPU.Build.0 = Release|Any CPU
		{4936B187-C6D9-4D84-A2B2-FBBC3071C731}.Debug|Any CPU.ActiveCfg = Debug|Any CPU
		{4936B187-C6D9-4D84-A2B2-FBBC3071C731}.Debug|Any CPU.Build.0 = Debug|Any CPU
		{4936B187-C6D9-4D84-A2B2-FBBC3071C731}.Release|Any CPU.ActiveCfg = Release|Any CPU
		{4936B187-C6D9-4D84-A2B2-FBBC3071C731}.Release|Any CPU.Build.0 = Release|Any CPU
		{F32E2855-E7CE-4571-B328-675D25E6C1B7}.Debug|Any CPU.ActiveCfg = Debug|Any CPU
		{F32E2855-E7CE-4571-B328-675D25E6C1B7}.Debug|Any CPU.Build.0 = Debug|Any CPU
		{F32E2855-E7CE-4571-B328-675D25E6C1B7}.Release|Any CPU.ActiveCfg = Release|Any CPU
		{F32E2855-E7CE-4571-B328-675D25E6C1B7}.Release|Any CPU.Build.0 = Release|Any CPU
	EndGlobalSection
	GlobalSection(SolutionProperties) = preSolution
		HideSolutionNode = FALSE
	EndGlobalSection
	GlobalSection(NestedProjects) = preSolution
		{8011F34F-874D-46FB-8DB3-4046BCF54B33} = {681A2D43-A73D-4AC3-88C1-867CF506D48F}
		{08BF9A96-7027-4F9E-98ED-13FA8A7BB99E} = {681A2D43-A73D-4AC3-88C1-867CF506D48F}
		{12286027-3D44-4950-B181-6F75210573AF} = {681A2D43-A73D-4AC3-88C1-867CF506D48F}
		{01A26BEA-2D4F-4A8F-8C6B-97994592F0BC} = {681A2D43-A73D-4AC3-88C1-867CF506D48F}
		{A9605CE5-A1A3-41F5-B351-DDE7EDE02008} = {8011F34F-874D-46FB-8DB3-4046BCF54B33}
		{15E75C16-C4F8-4C8C-B5FA-38EE4A6B7024} = {8011F34F-874D-46FB-8DB3-4046BCF54B33}
		{65011E24-0ADC-4284-98FE-F5E1A5020B9B} = {08BF9A96-7027-4F9E-98ED-13FA8A7BB99E}
		{62649338-4B2A-4B47-A22C-C0F599454D3D} = {08BF9A96-7027-4F9E-98ED-13FA8A7BB99E}
		{4936B187-C6D9-4D84-A2B2-FBBC3071C731} = {01A26BEA-2D4F-4A8F-8C6B-97994592F0BC}
		{F32E2855-E7CE-4571-B328-675D25E6C1B7} = {12286027-3D44-4950-B181-6F75210573AF}
	EndGlobalSection
	GlobalSection(ExtensibilityGlobals) = postSolution
		SolutionGuid = {62FEAF0F-62CE-47E7-9EF6-551BCF50B515}
	EndGlobalSection
EndGlobal
